
Microsoft Visual Studio Solution File, Format Version 12.00
# Visual Studio Version 17
VisualStudioVersion = 17.5.002.0
MinimumVisualStudioVersion = 10.0.40219.1
Project("{9A19103F-16F7-4668-BE54-9A1E7A4F7556}") = "PROYECTO_NEMURA", "PROYECTO_NEMURA.csproj", "{ADE4BB17-3422-407E-9497-7C7E11F15919}"
EndProject
Global
	GlobalSection(SolutionConfigurationPlatforms) = preSolution
		Debug|Any CPU = Debug|Any CPU
		Release|Any CPU = Release|Any CPU
	EndGlobalSection
	GlobalSection(ProjectConfigurationPlatforms) = postSolution
		{ADE4BB17-3422-407E-9497-7C7E11F15919}.Debug|Any CPU.ActiveCfg = Debug|Any CPU
		{ADE4BB17-3422-407E-9497-7C7E11F15919}.Debug|Any CPU.Build.0 = Debug|Any CPU
		{ADE4BB17-3422-407E-9497-7C7E11F15919}.Release|Any CPU.ActiveCfg = Release|Any CPU
		{ADE4BB17-3422-407E-9497-7C7E11F15919}.Release|Any CPU.Build.0 = Release|Any CPU
	EndGlobalSection
	GlobalSection(SolutionProperties) = preSolution
		HideSolutionNode = FALSE
	EndGlobalSection
	GlobalSection(ExtensibilityGlobals) = postSolution
		SolutionGuid = {8DBF7717-7D73-4216-9872-0C020FBE4533}
	EndGlobalSection
EndGlobal
